
Microsoft Visual Studio Solution File, Format Version 12.00
# Visual Studio Version 17
VisualStudioVersion = 17.1.32328.378
MinimumVisualStudioVersion = 10.0.40219.1
Project("{FAE04EC0-301F-11D3-BF4B-00C04F79EFBC}") = "TvShowScrubber", "TvShowScrubber\TvShowScrubber.csproj", "{3399BF63-2ADE-4731-A731-1A46F4C2B2B8}"
EndProject
Global
	GlobalSection(SolutionConfigurationPlatforms) = preSolution
		Debug|Any CPU = Debug|Any CPU
		Release|Any CPU = Release|Any CPU
	EndGlobalSection
	GlobalSection(ProjectConfigurationPlatforms) = postSolution
		{3399BF63-2ADE-4731-A731-1A46F4C2B2B8}.Debug|Any CPU.ActiveCfg = Debug|Any CPU
		{3399BF63-2ADE-4731-A731-1A46F4C2B2B8}.Debug|Any CPU.Build.0 = Debug|Any CPU
		{3399BF63-2ADE-4731-A731-1A46F4C2B2B8}.Release|Any CPU.ActiveCfg = Release|Any CPU
		{3399BF63-2ADE-4731-A731-1A46F4C2B2B8}.Release|Any CPU.Build.0 = Release|Any CPU
	EndGlobalSection
	GlobalSection(SolutionProperties) = preSolution
		HideSolutionNode = FALSE
	EndGlobalSection
	GlobalSection(ExtensibilityGlobals) = postSolution
		SolutionGuid = {C4251563-D60E-456D-B48A-23CC08C89631}
	EndGlobalSection
EndGlobal
